
Microsoft Visual Studio Solution File, Format Version 12.00
# Visual Studio Version 16
VisualStudioVersion = 16.0.30204.135
MinimumVisualStudioVersion = 10.0.40219.1
Project("{FAE04EC0-301F-11D3-BF4B-00C04F79EFBC}") = "BBTSegmentUpdater", "BBTSegmentUpdater\BBTSegmentUpdater.csproj", "{17728BEE-7BC5-41DE-A5EC-B03E50650F08}"
EndProject
Global
	GlobalSection(SolutionConfigurationPlatforms) = preSolution
		Debug|Any CPU = Debug|Any CPU
		Release|Any CPU = Release|Any CPU
	EndGlobalSection
	GlobalSection(ProjectConfigurationPlatforms) = postSolution
		{17728BEE-7BC5-41DE-A5EC-B03E50650F08}.Debug|Any CPU.ActiveCfg = Debug|Any CPU
		{17728BEE-7BC5-41DE-A5EC-B03E50650F08}.Debug|Any CPU.Build.0 = Debug|Any CPU
		{17728BEE-7BC5-41DE-A5EC-B03E50650F08}.Release|Any CPU.ActiveCfg = Release|Any CPU
		{17728BEE-7BC5-41DE-A5EC-B03E50650F08}.Release|Any CPU.Build.0 = Release|Any CPU
	EndGlobalSection
	GlobalSection(SolutionProperties) = preSolution
		HideSolutionNode = FALSE
	EndGlobalSection
	GlobalSection(ExtensibilityGlobals) = postSolution
		SolutionGuid = {AFB7CFD4-E5D3-45D5-BB64-AF02685D9698}
	EndGlobalSection
EndGlobal
